
Microsoft Visual Studio Solution File, Format Version 12.00
# Visual Studio Version 17
VisualStudioVersion = 17.11.35312.102
MinimumVisualStudioVersion = 10.0.40219.1
Project("{9A19103F-16F7-4668-BE54-9A1E7A4F7556}") = "SOC-backend.api", "SOC-backend.api\SOC-backend.api.csproj", "{DD2BE40C-4771-4773-B522-A52E96099FBF}"
EndProject
Project("{9A19103F-16F7-4668-BE54-9A1E7A4F7556}") = "SOC-backend.logic", "SOC-backend.logic\SOC-backend.logic.csproj", "{1E41AD74-C632-46A6-8000-F2D5F5F71B73}"
EndProject
Project("{9A19103F-16F7-4668-BE54-9A1E7A4F7556}") = "zSOC-backend.data", "SOC-backend.data\zSOC-backend.data.csproj", "{FFEDF2A6-EC18-42F3-BACE-35FC42D796C1}"
EndProject
Project("{FAE04EC0-301F-11D3-BF4B-00C04F79EFBC}") = "zSOC-backend.test", "SOC-backend.test\zSOC-backend.test.csproj", "{ECB9C333-5498-4389-B529-0A68CB35093E}"
EndProject
Global
	GlobalSection(SolutionConfigurationPlatforms) = preSolution
		Debug|Any CPU = Debug|Any CPU
		Release|Any CPU = Release|Any CPU
	EndGlobalSection
	GlobalSection(ProjectConfigurationPlatforms) = postSolution
		{DD2BE40C-4771-4773-B522-A52E96099FBF}.Debug|Any CPU.ActiveCfg = Debug|Any CPU
		{DD2BE40C-4771-4773-B522-A52E96099FBF}.Debug|Any CPU.Build.0 = Debug|Any CPU
		{DD2BE40C-4771-4773-B522-A52E96099FBF}.Release|Any CPU.ActiveCfg = Release|Any CPU
		{DD2BE40C-4771-4773-B522-A52E96099FBF}.Release|Any CPU.Build.0 = Release|Any CPU
		{1E41AD74-C632-46A6-8000-F2D5F5F71B73}.Debug|Any CPU.ActiveCfg = Debug|Any CPU
		{1E41AD74-C632-46A6-8000-F2D5F5F71B73}.Debug|Any CPU.Build.0 = Debug|Any CPU
		{1E41AD74-C632-46A6-8000-F2D5F5F71B73}.Release|Any CPU.ActiveCfg = Release|Any CPU
		{1E41AD74-C632-46A6-8000-F2D5F5F71B73}.Release|Any CPU.Build.0 = Release|Any CPU
		{FFEDF2A6-EC18-42F3-BACE-35FC42D796C1}.Debug|Any CPU.ActiveCfg = Debug|Any CPU
		{FFEDF2A6-EC18-42F3-BACE-35FC42D796C1}.Debug|Any CPU.Build.0 = Debug|Any CPU
		{FFEDF2A6-EC18-42F3-BACE-35FC42D796C1}.Release|Any CPU.ActiveCfg = Release|Any CPU
		{FFEDF2A6-EC18-42F3-BACE-35FC42D796C1}.Release|Any CPU.Build.0 = Release|Any CPU
		{ECB9C333-5498-4389-B529-0A68CB35093E}.Debug|Any CPU.ActiveCfg = Debug|Any CPU
		{ECB9C333-5498-4389-B529-0A68CB35093E}.Debug|Any CPU.Build.0 = Debug|Any CPU
		{ECB9C333-5498-4389-B529-0A68CB35093E}.Release|Any CPU.ActiveCfg = Release|Any CPU
		{ECB9C333-5498-4389-B529-0A68CB35093E}.Release|Any CPU.Build.0 = Release|Any CPU
	EndGlobalSection
	GlobalSection(SolutionProperties) = preSolution
		HideSolutionNode = FALSE
	EndGlobalSection
	GlobalSection(ExtensibilityGlobals) = postSolution
		SolutionGuid = {1D4AAF2E-585C-40F5-A6A3-3E4DD2E6C148}
	EndGlobalSection
EndGlobal
